
Microsoft Visual Studio Solution File, Format Version 12.00
# Visual Studio Version 16
VisualStudioVersion = 16.0.32510.428
MinimumVisualStudioVersion = 10.0.40219.1
Project("{8BC9CEB8-8B4A-11D0-8D11-00A0C91BC942}") = "CUDA", "CUDA.vcxproj", "{59D31763-5EE8-4952-8750-3A7AB6B670A8}"
EndProject
Global
	GlobalSection(SolutionConfigurationPlatforms) = preSolution
		Debug|x64 = Debug|x64
		Release|x64 = Release|x64
	EndGlobalSection
	GlobalSection(ProjectConfigurationPlatforms) = postSolution
		{59D31763-5EE8-4952-8750-3A7AB6B670A8}.Debug|x64.ActiveCfg = Debug|x64
		{59D31763-5EE8-4952-8750-3A7AB6B670A8}.Debug|x64.Build.0 = Debug|x64
		{59D31763-5EE8-4952-8750-3A7AB6B670A8}.Release|x64.ActiveCfg = Release|x64
		{59D31763-5EE8-4952-8750-3A7AB6B670A8}.Release|x64.Build.0 = Release|x64
	EndGlobalSection
	GlobalSection(SolutionProperties) = preSolution
		HideSolutionNode = FALSE
	EndGlobalSection
	GlobalSection(ExtensibilityGlobals) = postSolution
		SolutionGuid = {91065286-DD5F-43AA-829D-30B90AA5F723}
	EndGlobalSection
EndGlobal
